
Microsoft Visual Studio Solution File, Format Version 12.00
# Visual Studio Version 17
VisualStudioVersion = 17.0.31903.59
MinimumVisualStudioVersion = 10.0.40219.1
Project("{FAE04EC0-301F-11D3-BF4B-00C04F79EFBC}") = "TaskManager.API", "TaskManager.API\TaskManager.API.csproj", "{4311F11F-96BA-49A2-A850-CED538F04B46}"
EndProject
Project("{FAE04EC0-301F-11D3-BF4B-00C04F79EFBC}") = "TaskManager.Application", "TaskManager.Application\TaskManager.Application.csproj", "{E0E34FB8-DCE6-4F02-ADB1-F8F294EF8E92}"
EndProject
Project("{FAE04EC0-301F-11D3-BF4B-00C04F79EFBC}") = "TaskManager.Domain", "TaskManager.Domain\TaskManager.Domain.csproj", "{18D06A97-F24E-4084-BC02-D42EF36197FA}"
EndProject
Project("{FAE04EC0-301F-11D3-BF4B-00C04F79EFBC}") = "TaskManager.Infrastructure", "TaskManager.Infrastructure\TaskManager.Infrastructure.csproj", "{314A3940-B6C5-4DB6-AF32-E05F08543912}"
EndProject
Global
	GlobalSection(SolutionConfigurationPlatforms) = preSolution
		Debug|Any CPU = Debug|Any CPU
		Debug|x64 = Debug|x64
		Debug|x86 = Debug|x86
		Release|Any CPU = Release|Any CPU
		Release|x64 = Release|x64
		Release|x86 = Release|x86
	EndGlobalSection
	GlobalSection(ProjectConfigurationPlatforms) = postSolution
		{4311F11F-96BA-49A2-A850-CED538F04B46}.Debug|Any CPU.ActiveCfg = Debug|Any CPU
		{4311F11F-96BA-49A2-A850-CED538F04B46}.Debug|Any CPU.Build.0 = Debug|Any CPU
		{4311F11F-96BA-49A2-A850-CED538F04B46}.Debug|x64.ActiveCfg = Debug|Any CPU
		{4311F11F-96BA-49A2-A850-CED538F04B46}.Debug|x64.Build.0 = Debug|Any CPU
		{4311F11F-96BA-49A2-A850-CED538F04B46}.Debug|x86.ActiveCfg = Debug|Any CPU
		{4311F11F-96BA-49A2-A850-CED538F04B46}.Debug|x86.Build.0 = Debug|Any CPU
		{4311F11F-96BA-49A2-A850-CED538F04B46}.Release|Any CPU.ActiveCfg = Release|Any CPU
		{4311F11F-96BA-49A2-A850-CED538F04B46}.Release|Any CPU.Build.0 = Release|Any CPU
		{4311F11F-96BA-49A2-A850-CED538F04B46}.Release|x64.ActiveCfg = Release|Any CPU
		{4311F11F-96BA-49A2-A850-CED538F04B46}.Release|x64.Build.0 = Release|Any CPU
		{4311F11F-96BA-49A2-A850-CED538F04B46}.Release|x86.ActiveCfg = Release|Any CPU
		{4311F11F-96BA-49A2-A850-CED538F04B46}.Release|x86.Build.0 = Release|Any CPU
		{E0E34FB8-DCE6-4F02-ADB1-F8F294EF8E92}.Debug|Any CPU.ActiveCfg = Debug|Any CPU
		{E0E34FB8-DCE6-4F02-ADB1-F8F294EF8E92}.Debug|Any CPU.Build.0 = Debug|Any CPU
		{E0E34FB8-DCE6-4F02-ADB1-F8F294EF8E92}.Debug|x64.ActiveCfg = Debug|Any CPU
		{E0E34FB8-DCE6-4F02-ADB1-F8F294EF8E92}.Debug|x64.Build.0 = Debug|Any CPU
		{E0E34FB8-DCE6-4F02-ADB1-F8F294EF8E92}.Debug|x86.ActiveCfg = Debug|Any CPU
		{E0E34FB8-DCE6-4F02-ADB1-F8F294EF8E92}.Debug|x86.Build.0 = Debug|Any CPU
		{E0E34FB8-DCE6-4F02-ADB1-F8F294EF8E92}.Release|Any CPU.ActiveCfg = Release|Any CPU
		{E0E34FB8-DCE6-4F02-ADB1-F8F294EF8E92}.Release|Any CPU.Build.0 = Release|Any CPU
		{E0E34FB8-DCE6-4F02-ADB1-F8F294EF8E92}.Release|x64.ActiveCfg = Release|Any CPU
		{E0E34FB8-DCE6-4F02-ADB1-F8F294EF8E92}.Release|x64.Build.0 = Release|Any CPU
		{E0E34FB8-DCE6-4F02-ADB1-F8F294EF8E92}.Release|x86.ActiveCfg = Release|Any CPU
		{E0E34FB8-DCE6-4F02-ADB1-F8F294EF8E92}.Release|x86.Build.0 = Release|Any CPU
		{18D06A97-F24E-4084-BC02-D42EF36197FA}.Debug|Any CPU.ActiveCfg = Debug|Any CPU
		{18D06A97-F24E-4084-BC02-D42EF36197FA}.Debug|Any CPU.Build.0 = Debug|Any CPU
		{18D06A97-F24E-4084-BC02-D42EF36197FA}.Debug|x64.ActiveCfg = Debug|Any CPU
		{18D06A97-F24E-4084-BC02-D42EF36197FA}.Debug|x64.Build.0 = Debug|Any CPU
		{18D06A97-F24E-4084-BC02-D42EF36197FA}.Debug|x86.ActiveCfg = Debug|Any CPU
		{18D06A97-F24E-4084-BC02-D42EF36197FA}.Debug|x86.Build.0 = Debug|Any CPU
		{18D06A97-F24E-4084-BC02-D42EF36197FA}.Release|Any CPU.ActiveCfg = Release|Any CPU
		{18D06A97-F24E-4084-BC02-D42EF36197FA}.Release|Any CPU.Build.0 = Release|Any CPU
		{18D06A97-F24E-4084-BC02-D42EF36197FA}.Release|x64.ActiveCfg = Release|Any CPU
		{18D06A97-F24E-4084-BC02-D42EF36197FA}.Release|x64.Build.0 = Release|Any CPU
		{18D06A97-F24E-4084-BC02-D42EF36197FA}.Release|x86.ActiveCfg = Release|Any CPU
		{18D06A97-F24E-4084-BC02-D42EF36197FA}.Release|x86.Build.0 = Release|Any CPU
		{314A3940-B6C5-4DB6-AF32-E05F08543912}.Debug|Any CPU.ActiveCfg = Debug|Any CPU
		{314A3940-B6C5-4DB6-AF32-E05F08543912}.Debug|Any CPU.Build.0 = Debug|Any CPU
		{314A3940-B6C5-4DB6-AF32-E05F08543912}.Debug|x64.ActiveCfg = Debug|Any CPU
		{314A3940-B6C5-4DB6-AF32-E05F08543912}.Debug|x64.Build.0 = Debug|Any CPU
		{314A3940-B6C5-4DB6-AF32-E05F08543912}.Debug|x86.ActiveCfg = Debug|Any CPU
		{314A3940-B6C5-4DB6-AF32-E05F08543912}.Debug|x86.Build.0 = Debug|Any CPU
		{314A3940-B6C5-4DB6-AF32-E05F08543912}.Release|Any CPU.ActiveCfg = Release|Any CPU
		{314A3940-B6C5-4DB6-AF32-E05F08543912}.Release|Any CPU.Build.0 = Release|Any CPU
		{314A3940-B6C5-4DB6-AF32-E05F08543912}.Release|x64.ActiveCfg = Release|Any CPU
		{314A3940-B6C5-4DB6-AF32-E05F08543912}.Release|x64.Build.0 = Release|Any CPU
		{314A3940-B6C5-4DB6-AF32-E05F08543912}.Release|x86.ActiveCfg = Release|Any CPU
		{314A3940-B6C5-4DB6-AF32-E05F08543912}.Release|x86.Build.0 = Release|Any CPU
	EndGlobalSection
	GlobalSection(SolutionProperties) = preSolution
		HideSolutionNode = FALSE
	EndGlobalSection
EndGlobal
